
Microsoft Visual Studio Solution File, Format Version 12.00
# Visual Studio Version 17
VisualStudioVersion = 17.8.34330.188
MinimumVisualStudioVersion = 10.0.40219.1
Project("{FAE04EC0-301F-11D3-BF4B-00C04F79EFBC}") = "HrSystem.DAL", "HrSystem.DAL.csproj", "{67C9E908-2022-4E86-B98B-18260CC37A98}"
EndProject
Project("{FAE04EC0-301F-11D3-BF4B-00C04F79EFBC}") = "HrSystem.BLL", "..\HrSystem.BLL\HrSystem.BLL.csproj", "{C831778B-942B-4773-85E7-6DD9E925C625}"
EndProject
Project("{FAE04EC0-301F-11D3-BF4B-00C04F79EFBC}") = "Hr.System.PL", "..\Hr.System.PL\Hr.System.PL.csproj", "{13152313-D2F7-4795-9A6A-35333D0D8D8C}"
EndProject
Global
	GlobalSection(SolutionConfigurationPlatforms) = preSolution
		Debug|Any CPU = Debug|Any CPU
		Release|Any CPU = Release|Any CPU
	EndGlobalSection
	GlobalSection(ProjectConfigurationPlatforms) = postSolution
		{67C9E908-2022-4E86-B98B-18260CC37A98}.Debug|Any CPU.ActiveCfg = Debug|Any CPU
		{67C9E908-2022-4E86-B98B-18260CC37A98}.Debug|Any CPU.Build.0 = Debug|Any CPU
		{67C9E908-2022-4E86-B98B-18260CC37A98}.Release|Any CPU.ActiveCfg = Release|Any CPU
		{67C9E908-2022-4E86-B98B-18260CC37A98}.Release|Any CPU.Build.0 = Release|Any CPU
		{C831778B-942B-4773-85E7-6DD9E925C625}.Debug|Any CPU.ActiveCfg = Debug|Any CPU
		{C831778B-942B-4773-85E7-6DD9E925C625}.Debug|Any CPU.Build.0 = Debug|Any CPU
		{C831778B-942B-4773-85E7-6DD9E925C625}.Release|Any CPU.ActiveCfg = Release|Any CPU
		{C831778B-942B-4773-85E7-6DD9E925C625}.Release|Any CPU.Build.0 = Release|Any CPU
		{13152313-D2F7-4795-9A6A-35333D0D8D8C}.Debug|Any CPU.ActiveCfg = Debug|Any CPU
		{13152313-D2F7-4795-9A6A-35333D0D8D8C}.Debug|Any CPU.Build.0 = Debug|Any CPU
		{13152313-D2F7-4795-9A6A-35333D0D8D8C}.Release|Any CPU.ActiveCfg = Release|Any CPU
		{13152313-D2F7-4795-9A6A-35333D0D8D8C}.Release|Any CPU.Build.0 = Release|Any CPU
	EndGlobalSection
	GlobalSection(SolutionProperties) = preSolution
		HideSolutionNode = FALSE
	EndGlobalSection
	GlobalSection(ExtensibilityGlobals) = postSolution
		SolutionGuid = {FBD2D4FA-4099-4211-8AFA-CE2654790043}
	EndGlobalSection
EndGlobal
